
Microsoft Visual Studio Solution File, Format Version 12.00
# Visual Studio Version 16
VisualStudioVersion = 16.0.29409.12
MinimumVisualStudioVersion = 10.0.40219.1
Project("{FAE04EC0-301F-11D3-BF4B-00C04F79EFBC}") = "Transcelerator", "Transcelerator\Transcelerator.csproj", "{3A4BF2AF-23B5-487E-BEA5-5D65A0A01BF7}"
EndProject
Project("{FAE04EC0-301F-11D3-BF4B-00C04F79EFBC}") = "TransceleratorTests", "Transcelerator\TransceleratorTests\TransceleratorTests.csproj", "{DB5B6E93-353D-4C21-92F1-F9BF83F173E4}"
EndProject
Project("{FAE04EC0-301F-11D3-BF4B-00C04F79EFBC}") = "SilUtilsTests", "SilUtils\SilUtilsTests\SilUtilsTests.csproj", "{F023F83B-EC39-48D4-A98C-F65E43609B20}"
EndProject
Project("{FAE04EC0-301F-11D3-BF4B-00C04F79EFBC}") = "SilUtils", "SilUtils\SilUtils.csproj", "{4E4CE84F-BB35-416A-8E4F-B8C096DA32B7}"
EndProject
Project("{FAE04EC0-301F-11D3-BF4B-00C04F79EFBC}") = "TxlMasterQuestionPreProcessor", "TxlMasterQuestionPreProcessor\TxlMasterQuestionPreProcessor.csproj", "{54363E9B-3A5A-46D6-9ACA-3F1626572647}"
EndProject
Project("{FAE04EC0-301F-11D3-BF4B-00C04F79EFBC}") = "TxlCore", "TxlCore\TxlCore.csproj", "{140A72D9-B0B3-4E19-AA3B-0127C3014D39}"
EndProject
Project("{FAE04EC0-301F-11D3-BF4B-00C04F79EFBC}") = "TxlMasterQuestionPreProcessorTests", "TxlMasterQuestionPreProcessor\TxlMasterQuestionPreProcessorTests\TxlMasterQuestionPreProcessorTests.csproj", "{6DE38973-4256-4AD7-A48F-56675CA826E2}"
EndProject
Project("{FAE04EC0-301F-11D3-BF4B-00C04F79EFBC}") = "TxlCoreTests", "TxlCore\TxlCoreTests\TxlCoreTests.csproj", "{884A12C9-4F3B-4861-A4F2-CA3309C49C2E}"
EndProject
Project("{FAE04EC0-301F-11D3-BF4B-00C04F79EFBC}") = "CustomInstallerActions", "Installer\CustomInstallerActions\CustomInstallerActions.csproj", "{D5CF7D63-5DE2-450A-B1AF-3A6FC0459508}"
EndProject
Project("{FAE04EC0-301F-11D3-BF4B-00C04F79EFBC}") = "ComprehensionCheckingData", "ComprehensionCheckingData\ComprehensionCheckingData.csproj", "{C6474F83-4E0A-462F-BD87-883C197F1BE6}"
EndProject
Project("{FAE04EC0-301F-11D3-BF4B-00C04F79EFBC}") = "DataIntegrityTests", "DataIntegrityTests\DataIntegrityTests.csproj", "{E71615C2-2056-491D-AC85-FFEB0FC9D34A}"
EndProject
Global
	GlobalSection(SolutionConfigurationPlatforms) = preSolution
		Debug - Copy To Paratext|x64 = Debug - Copy To Paratext|x64
		Debug - Copy To Paratext|x86 = Debug - Copy To Paratext|x86
		Debug|x64 = Debug|x64
		Debug|x86 = Debug|x86
		Release - Copy To Paratext|x64 = Release - Copy To Paratext|x64
		Release - Copy To Paratext|x86 = Release - Copy To Paratext|x86
		Release|x64 = Release|x64
		Release|x86 = Release|x86
	EndGlobalSection
	GlobalSection(ProjectConfigurationPlatforms) = postSolution
		{3A4BF2AF-23B5-487E-BEA5-5D65A0A01BF7}.Debug - Copy To Paratext|x64.ActiveCfg = Debug - Copy To Paratext|x64
		{3A4BF2AF-23B5-487E-BEA5-5D65A0A01BF7}.Debug - Copy To Paratext|x64.Build.0 = Debug - Copy To Paratext|x64
		{3A4BF2AF-23B5-487E-BEA5-5D65A0A01BF7}.Debug - Copy To Paratext|x86.ActiveCfg = Debug - Copy To Paratext|x86
		{3A4BF2AF-23B5-487E-BEA5-5D65A0A01BF7}.Debug - Copy To Paratext|x86.Build.0 = Debug - Copy To Paratext|x86
		{3A4BF2AF-23B5-487E-BEA5-5D65A0A01BF7}.Debug|x64.ActiveCfg = Debug|x64
		{3A4BF2AF-23B5-487E-BEA5-5D65A0A01BF7}.Debug|x64.Build.0 = Debug|x64
		{3A4BF2AF-23B5-487E-BEA5-5D65A0A01BF7}.Debug|x86.ActiveCfg = Debug|x86
		{3A4BF2AF-23B5-487E-BEA5-5D65A0A01BF7}.Debug|x86.Build.0 = Debug|x86
		{3A4BF2AF-23B5-487E-BEA5-5D65A0A01BF7}.Release - Copy To Paratext|x64.ActiveCfg = Release - Copy To Paratext|x64
		{3A4BF2AF-23B5-487E-BEA5-5D65A0A01BF7}.Release - Copy To Paratext|x64.Build.0 = Release - Copy To Paratext|x64
		{3A4BF2AF-23B5-487E-BEA5-5D65A0A01BF7}.Release - Copy To Paratext|x86.ActiveCfg = Release - Copy To Paratext|x86
		{3A4BF2AF-23B5-487E-BEA5-5D65A0A01BF7}.Release - Copy To Paratext|x86.Build.0 = Release - Copy To Paratext|x86
		{3A4BF2AF-23B5-487E-BEA5-5D65A0A01BF7}.Release|x64.ActiveCfg = Release|x64
		{3A4BF2AF-23B5-487E-BEA5-5D65A0A01BF7}.Release|x64.Build.0 = Release|x64
		{3A4BF2AF-23B5-487E-BEA5-5D65A0A01BF7}.Release|x86.ActiveCfg = Release|x86
		{3A4BF2AF-23B5-487E-BEA5-5D65A0A01BF7}.Release|x86.Build.0 = Release|x86
		{DB5B6E93-353D-4C21-92F1-F9BF83F173E4}.Debug - Copy To Paratext|x64.ActiveCfg = Debug|x64
		{DB5B6E93-353D-4C21-92F1-F9BF83F173E4}.Debug - Copy To Paratext|x64.Build.0 = Debug|x64
		{DB5B6E93-353D-4C21-92F1-F9BF83F173E4}.Debug - Copy To Paratext|x86.ActiveCfg = Debug|x86
		{DB5B6E93-353D-4C21-92F1-F9BF83F173E4}.Debug - Copy To Paratext|x86.Build.0 = Debug|x86
		{DB5B6E93-353D-4C21-92F1-F9BF83F173E4}.Debug|x64.ActiveCfg = Debug|x64
		{DB5B6E93-353D-4C21-92F1-F9BF83F173E4}.Debug|x64.Build.0 = Debug|x64
		{DB5B6E93-353D-4C21-92F1-F9BF83F173E4}.Debug|x86.ActiveCfg = Debug|x86
		{DB5B6E93-353D-4C21-92F1-F9BF83F173E4}.Debug|x86.Build.0 = Debug|x86
		{DB5B6E93-353D-4C21-92F1-F9BF83F173E4}.Release - Copy To Paratext|x64.ActiveCfg = Release|x64
		{DB5B6E93-353D-4C21-92F1-F9BF83F173E4}.Release - Copy To Paratext|x64.Build.0 = Release|x64
		{DB5B6E93-353D-4C21-92F1-F9BF83F173E4}.Release - Copy To Paratext|x86.ActiveCfg = Release|x86
		{DB5B6E93-353D-4C21-92F1-F9BF83F173E4}.Release - Copy To Paratext|x86.Build.0 = Release|x86
		{DB5B6E93-353D-4C21-92F1-F9BF83F173E4}.Release|x64.ActiveCfg = Release|x64
		{DB5B6E93-353D-4C21-92F1-F9BF83F173E4}.Release|x64.Build.0 = Release|x64
		{DB5B6E93-353D-4C21-92F1-F9BF83F173E4}.Release|x86.ActiveCfg = Release|x86
		{DB5B6E93-353D-4C21-92F1-F9BF83F173E4}.Release|x86.Build.0 = Release|x86
		{F023F83B-EC39-48D4-A98C-F65E43609B20}.Debug - Copy To Paratext|x64.ActiveCfg = Debug|x64
		{F023F83B-EC39-48D4-A98C-F65E43609B20}.Debug - Copy To Paratext|x64.Build.0 = Debug|x64
		{F023F83B-EC39-48D4-A98C-F65E43609B20}.Debug - Copy To Paratext|x86.ActiveCfg = Debug|x86
		{F023F83B-EC39-48D4-A98C-F65E43609B20}.Debug - Copy To Paratext|x86.Build.0 = Debug|x86
		{F023F83B-EC39-48D4-A98C-F65E43609B20}.Debug|x64.ActiveCfg = Debug|x64
		{F023F83B-EC39-48D4-A98C-F65E43609B20}.Debug|x64.Build.0 = Debug|x64
		{F023F83B-EC39-48D4-A98C-F65E43609B20}.Debug|x86.ActiveCfg = Debug|x86
		{F023F83B-EC39-48D4-A98C-F65E43609B20}.Debug|x86.Build.0 = Debug|x86
		{F023F83B-EC39-48D4-A98C-F65E43609B20}.Release - Copy To Paratext|x64.ActiveCfg = Release|x64
		{F023F83B-EC39-48D4-A98C-F65E43609B20}.Release - Copy To Paratext|x64.Build.0 = Release|x64
		{F023F83B-EC39-48D4-A98C-F65E43609B20}.Release - Copy To Paratext|x86.ActiveCfg = Release|x86
		{F023F83B-EC39-48D4-A98C-F65E43609B20}.Release - Copy To Paratext|x86.Build.0 = Release|x86
		{F023F83B-EC39-48D4-A98C-F65E43609B20}.Release|x64.ActiveCfg = Release|x64
		{F023F83B-EC39-48D4-A98C-F65E43609B20}.Release|x64.Build.0 = Release|x64
		{F023F83B-EC39-48D4-A98C-F65E43609B20}.Release|x86.ActiveCfg = Release|x86
		{F023F83B-EC39-48D4-A98C-F65E43609B20}.Release|x86.Build.0 = Release|x86
		{4E4CE84F-BB35-416A-8E4F-B8C096DA32B7}.Debug - Copy To Paratext|x64.ActiveCfg = Debug|x64
		{4E4CE84F-BB35-416A-8E4F-B8C096DA32B7}.Debug - Copy To Paratext|x64.Build.0 = Debug|x64
		{4E4CE84F-BB35-416A-8E4F-B8C096DA32B7}.Debug - Copy To Paratext|x86.ActiveCfg = Debug|x86
		{4E4CE84F-BB35-416A-8E4F-B8C096DA32B7}.Debug - Copy To Paratext|x86.Build.0 = Debug|x86
		{4E4CE84F-BB35-416A-8E4F-B8C096DA32B7}.Debug|x64.ActiveCfg = Debug|x64
		{4E4CE84F-BB35-416A-8E4F-B8C096DA32B7}.Debug|x64.Build.0 = Debug|x64
		{4E4CE84F-BB35-416A-8E4F-B8C096DA32B7}.Debug|x86.ActiveCfg = Debug|x86
		{4E4CE84F-BB35-416A-8E4F-B8C096DA32B7}.Debug|x86.Build.0 = Debug|x86
		{4E4CE84F-BB35-416A-8E4F-B8C096DA32B7}.Release - Copy To Paratext|x64.ActiveCfg = Release|x64
		{4E4CE84F-BB35-416A-8E4F-B8C096DA32B7}.Release - Copy To Paratext|x64.Build.0 = Release|x64
		{4E4CE84F-BB35-416A-8E4F-B8C096DA32B7}.Release - Copy To Paratext|x86.ActiveCfg = Release|x86
		{4E4CE84F-BB35-416A-8E4F-B8C096DA32B7}.Release - Copy To Paratext|x86.Build.0 = Release|x86
		{4E4CE84F-BB35-416A-8E4F-B8C096DA32B7}.Release|x64.ActiveCfg = Release|x64
		{4E4CE84F-BB35-416A-8E4F-B8C096DA32B7}.Release|x64.Build.0 = Release|x64
		{4E4CE84F-BB35-416A-8E4F-B8C096DA32B7}.Release|x86.ActiveCfg = Release|x86
		{4E4CE84F-BB35-416A-8E4F-B8C096DA32B7}.Release|x86.Build.0 = Release|x86
		{54363E9B-3A5A-46D6-9ACA-3F1626572647}.Debug - Copy To Paratext|x64.ActiveCfg = Debug - Copy To Paratext|x64
		{54363E9B-3A5A-46D6-9ACA-3F1626572647}.Debug - Copy To Paratext|x64.Build.0 = Debug - Copy To Paratext|x64
		{54363E9B-3A5A-46D6-9ACA-3F1626572647}.Debug - Copy To Paratext|x86.ActiveCfg = Debug - Copy To Paratext|x86
		{54363E9B-3A5A-46D6-9ACA-3F1626572647}.Debug - Copy To Paratext|x86.Build.0 = Debug - Copy To Paratext|x86
		{54363E9B-3A5A-46D6-9ACA-3F1626572647}.Debug|x64.ActiveCfg = Debug|x64
		{54363E9B-3A5A-46D6-9ACA-3F1626572647}.Debug|x64.Build.0 = Debug|x64
		{54363E9B-3A5A-46D6-9ACA-3F1626572647}.Debug|x86.ActiveCfg = Debug|x86
		{54363E9B-3A5A-46D6-9ACA-3F1626572647}.Debug|x86.Build.0 = Debug|x86
		{54363E9B-3A5A-46D6-9ACA-3F1626572647}.Release - Copy To Paratext|x64.ActiveCfg = Release - Copy To Paratext|x64
		{54363E9B-3A5A-46D6-9ACA-3F1626572647}.Release - Copy To Paratext|x64.Build.0 = Release - Copy To Paratext|x64
		{54363E9B-3A5A-46D6-9ACA-3F1626572647}.Release - Copy To Paratext|x86.ActiveCfg = Release|x86
		{54363E9B-3A5A-46D6-9ACA-3F1626572647}.Release - Copy To Paratext|x86.Build.0 = Release|x86
		{54363E9B-3A5A-46D6-9ACA-3F1626572647}.Release|x64.ActiveCfg = Release|x64
		{54363E9B-3A5A-46D6-9ACA-3F1626572647}.Release|x64.Build.0 = Release|x64
		{54363E9B-3A5A-46D6-9ACA-3F1626572647}.Release|x86.ActiveCfg = Release|x86
		{54363E9B-3A5A-46D6-9ACA-3F1626572647}.Release|x86.Build.0 = Release|x86
		{140A72D9-B0B3-4E19-AA3B-0127C3014D39}.Debug - Copy To Paratext|x64.ActiveCfg = Debug|x64
		{140A72D9-B0B3-4E19-AA3B-0127C3014D39}.Debug - Copy To Paratext|x64.Build.0 = Debug|x64
		{140A72D9-B0B3-4E19-AA3B-0127C3014D39}.Debug - Copy To Paratext|x86.ActiveCfg = Debug|x86
		{140A72D9-B0B3-4E19-AA3B-0127C3014D39}.Debug - Copy To Paratext|x86.Build.0 = Debug|x86
		{140A72D9-B0B3-4E19-AA3B-0127C3014D39}.Debug|x64.ActiveCfg = Debug|x64
		{140A72D9-B0B3-4E19-AA3B-0127C3014D39}.Debug|x64.Build.0 = Debug|x64
		{140A72D9-B0B3-4E19-AA3B-0127C3014D39}.Debug|x86.ActiveCfg = Debug|x86
		{140A72D9-B0B3-4E19-AA3B-0127C3014D39}.Debug|x86.Build.0 = Debug|x86
		{140A72D9-B0B3-4E19-AA3B-0127C3014D39}.Release - Copy To Paratext|x64.ActiveCfg = Release|x64
		{140A72D9-B0B3-4E19-AA3B-0127C3014D39}.Release - Copy To Paratext|x64.Build.0 = Release|x64
		{140A72D9-B0B3-4E19-AA3B-0127C3014D39}.Release - Copy To Paratext|x86.ActiveCfg = Release|x86
		{140A72D9-B0B3-4E19-AA3B-0127C3014D39}.Release - Copy To Paratext|x86.Build.0 = Release|x86
		{140A72D9-B0B3-4E19-AA3B-0127C3014D39}.Release|x64.ActiveCfg = Release|x64
		{140A72D9-B0B3-4E19-AA3B-0127C3014D39}.Release|x64.Build.0 = Release|x64
		{140A72D9-B0B3-4E19-AA3B-0127C3014D39}.Release|x86.ActiveCfg = Release|x86
		{140A72D9-B0B3-4E19-AA3B-0127C3014D39}.Release|x86.Build.0 = Release|x86
		{6DE38973-4256-4AD7-A48F-56675CA826E2}.Debug - Copy To Paratext|x64.ActiveCfg = Debug|x64
		{6DE38973-4256-4AD7-A48F-56675CA826E2}.Debug - Copy To Paratext|x64.Build.0 = Debug|x64
		{6DE38973-4256-4AD7-A48F-56675CA826E2}.Debug - Copy To Paratext|x86.ActiveCfg = Debug|x86
		{6DE38973-4256-4AD7-A48F-56675CA826E2}.Debug - Copy To Paratext|x86.Build.0 = Debug|x86
		{6DE38973-4256-4AD7-A48F-56675CA826E2}.Debug|x64.ActiveCfg = Debug|x64
		{6DE38973-4256-4AD7-A48F-56675CA826E2}.Debug|x64.Build.0 = Debug|x64
		{6DE38973-4256-4AD7-A48F-56675CA826E2}.Debug|x86.ActiveCfg = Debug|x86
		{6DE38973-4256-4AD7-A48F-56675CA826E2}.Debug|x86.Build.0 = Debug|x86
		{6DE38973-4256-4AD7-A48F-56675CA826E2}.Release - Copy To Paratext|x64.ActiveCfg = Release|x64
		{6DE38973-4256-4AD7-A48F-56675CA826E2}.Release - Copy To Paratext|x64.Build.0 = Release|x64
		{6DE38973-4256-4AD7-A48F-56675CA826E2}.Release - Copy To Paratext|x86.ActiveCfg = Release|x86
		{6DE38973-4256-4AD7-A48F-56675CA826E2}.Release - Copy To Paratext|x86.Build.0 = Release|x86
		{6DE38973-4256-4AD7-A48F-56675CA826E2}.Release|x64.ActiveCfg = Release|x64
		{6DE38973-4256-4AD7-A48F-56675CA826E2}.Release|x64.Build.0 = Release|x64
		{6DE38973-4256-4AD7-A48F-56675CA826E2}.Release|x86.ActiveCfg = Release|x86
		{6DE38973-4256-4AD7-A48F-56675CA826E2}.Release|x86.Build.0 = Release|x86
		{884A12C9-4F3B-4861-A4F2-CA3309C49C2E}.Debug - Copy To Paratext|x64.ActiveCfg = Debug|x64
		{884A12C9-4F3B-4861-A4F2-CA3309C49C2E}.Debug - Copy To Paratext|x64.Build.0 = Debug|x64
		{884A12C9-4F3B-4861-A4F2-CA3309C49C2E}.Debug - Copy To Paratext|x86.ActiveCfg = Debug|x86
		{884A12C9-4F3B-4861-A4F2-CA3309C49C2E}.Debug - Copy To Paratext|x86.Build.0 = Debug|x86
		{884A12C9-4F3B-4861-A4F2-CA3309C49C2E}.Debug|x64.ActiveCfg = Debug|x64
		{884A12C9-4F3B-4861-A4F2-CA3309C49C2E}.Debug|x64.Build.0 = Debug|x64
		{884A12C9-4F3B-4861-A4F2-CA3309C49C2E}.Debug|x86.ActiveCfg = Debug|x86
		{884A12C9-4F3B-4861-A4F2-CA3309C49C2E}.Debug|x86.Build.0 = Debug|x86
		{884A12C9-4F3B-4861-A4F2-CA3309C49C2E}.Release - Copy To Paratext|x64.ActiveCfg = Release|x64
		{884A12C9-4F3B-4861-A4F2-CA3309C49C2E}.Release - Copy To Paratext|x64.Build.0 = Release|x64
		{884A12C9-4F3B-4861-A4F2-CA3309C49C2E}.Release - Copy To Paratext|x86.ActiveCfg = Release|x86
		{884A12C9-4F3B-4861-A4F2-CA3309C49C2E}.Release - Copy To Paratext|x86.Build.0 = Release|x86
		{884A12C9-4F3B-4861-A4F2-CA3309C49C2E}.Release|x64.ActiveCfg = Release|x64
		{884A12C9-4F3B-4861-A4F2-CA3309C49C2E}.Release|x64.Build.0 = Release|x64
		{884A12C9-4F3B-4861-A4F2-CA3309C49C2E}.Release|x86.ActiveCfg = Release|x86
		{884A12C9-4F3B-4861-A4F2-CA3309C49C2E}.Release|x86.Build.0 = Release|x86
		{D5CF7D63-5DE2-450A-B1AF-3A6FC0459508}.Debug - Copy To Paratext|x64.ActiveCfg = Debug|x64
		{D5CF7D63-5DE2-450A-B1AF-3A6FC0459508}.Debug - Copy To Paratext|x64.Build.0 = Debug|x64
		{D5CF7D63-5DE2-450A-B1AF-3A6FC0459508}.Debug - Copy To Paratext|x86.ActiveCfg = Debug|x86
		{D5CF7D63-5DE2-450A-B1AF-3A6FC0459508}.Debug - Copy To Paratext|x86.Build.0 = Debug|x86
		{D5CF7D63-5DE2-450A-B1AF-3A6FC0459508}.Debug|x64.ActiveCfg = Debug|x64
		{D5CF7D63-5DE2-450A-B1AF-3A6FC0459508}.Debug|x64.Build.0 = Debug|x64
		{D5CF7D63-5DE2-450A-B1AF-3A6FC0459508}.Debug|x86.ActiveCfg = Debug|x86
		{D5CF7D63-5DE2-450A-B1AF-3A6FC0459508}.Debug|x86.Build.0 = Debug|x86
		{D5CF7D63-5DE2-450A-B1AF-3A6FC0459508}.Release - Copy To Paratext|x64.ActiveCfg = Release|x64
		{D5CF7D63-5DE2-450A-B1AF-3A6FC0459508}.Release - Copy To Paratext|x64.Build.0 = Release|x64
		{D5CF7D63-5DE2-450A-B1AF-3A6FC0459508}.Release - Copy To Paratext|x86.ActiveCfg = Release|x86
		{D5CF7D63-5DE2-450A-B1AF-3A6FC0459508}.Release - Copy To Paratext|x86.Build.0 = Release|x86
		{D5CF7D63-5DE2-450A-B1AF-3A6FC0459508}.Release|x64.ActiveCfg = Release|x64
		{D5CF7D63-5DE2-450A-B1AF-3A6FC0459508}.Release|x64.Build.0 = Release|x64
		{D5CF7D63-5DE2-450A-B1AF-3A6FC0459508}.Release|x86.ActiveCfg = Release|x86
		{D5CF7D63-5DE2-450A-B1AF-3A6FC0459508}.Release|x86.Build.0 = Release|x86
		{C6474F83-4E0A-462F-BD87-883C197F1BE6}.Debug - Copy To Paratext|x64.ActiveCfg = Debug|x64
		{C6474F83-4E0A-462F-BD87-883C197F1BE6}.Debug - Copy To Paratext|x64.Build.0 = Debug|x64
		{C6474F83-4E0A-462F-BD87-883C197F1BE6}.Debug - Copy To Paratext|x86.ActiveCfg = Debug|x86
		{C6474F83-4E0A-462F-BD87-883C197F1BE6}.Debug - Copy To Paratext|x86.Build.0 = Debug|x86
		{C6474F83-4E0A-462F-BD87-883C197F1BE6}.Debug|x64.ActiveCfg = Debug|x64
		{C6474F83-4E0A-462F-BD87-883C197F1BE6}.Debug|x64.Build.0 = Debug|x64
		{C6474F83-4E0A-462F-BD87-883C197F1BE6}.Debug|x86.ActiveCfg = Debug|x86
		{C6474F83-4E0A-462F-BD87-883C197F1BE6}.Debug|x86.Build.0 = Debug|x86
		{C6474F83-4E0A-462F-BD87-883C197F1BE6}.Release - Copy To Paratext|x64.ActiveCfg = Release|x64
		{C6474F83-4E0A-462F-BD87-883C197F1BE6}.Release - Copy To Paratext|x64.Build.0 = Release|x64
		{C6474F83-4E0A-462F-BD87-883C197F1BE6}.Release - Copy To Paratext|x86.ActiveCfg = Release|x86
		{C6474F83-4E0A-462F-BD87-883C197F1BE6}.Release - Copy To Paratext|x86.Build.0 = Release|x86
		{C6474F83-4E0A-462F-BD87-883C197F1BE6}.Release|x64.ActiveCfg = Release|x64
		{C6474F83-4E0A-462F-BD87-883C197F1BE6}.Release|x64.Build.0 = Release|x64
		{C6474F83-4E0A-462F-BD87-883C197F1BE6}.Release|x86.ActiveCfg = Release|x86
		{C6474F83-4E0A-462F-BD87-883C197F1BE6}.Release|x86.Build.0 = Release|x86
		{E71615C2-2056-491D-AC85-FFEB0FC9D34A}.Debug - Copy To Paratext|x64.ActiveCfg = Debug|x64
		{E71615C2-2056-491D-AC85-FFEB0FC9D34A}.Debug - Copy To Paratext|x64.Build.0 = Debug|x64
		{E71615C2-2056-491D-AC85-FFEB0FC9D34A}.Debug - Copy To Paratext|x86.ActiveCfg = Debug|x86
		{E71615C2-2056-491D-AC85-FFEB0FC9D34A}.Debug - Copy To Paratext|x86.Build.0 = Debug|x86
		{E71615C2-2056-491D-AC85-FFEB0FC9D34A}.Debug|x64.ActiveCfg = Debug|x64
		{E71615C2-2056-491D-AC85-FFEB0FC9D34A}.Debug|x64.Build.0 = Debug|x64
		{E71615C2-2056-491D-AC85-FFEB0FC9D34A}.Debug|x86.ActiveCfg = Debug|x86
		{E71615C2-2056-491D-AC85-FFEB0FC9D34A}.Debug|x86.Build.0 = Debug|x86
		{E71615C2-2056-491D-AC85-FFEB0FC9D34A}.Release - Copy To Paratext|x64.ActiveCfg = Release|x64
		{E71615C2-2056-491D-AC85-FFEB0FC9D34A}.Release - Copy To Paratext|x64.Build.0 = Release|x64
		{E71615C2-2056-491D-AC85-FFEB0FC9D34A}.Release - Copy To Paratext|x86.ActiveCfg = Release|x86
		{E71615C2-2056-491D-AC85-FFEB0FC9D34A}.Release - Copy To Paratext|x86.Build.0 = Release|x86
		{E71615C2-2056-491D-AC85-FFEB0FC9D34A}.Release|x64.ActiveCfg = Release|x64
		{E71615C2-2056-491D-AC85-FFEB0FC9D34A}.Release|x64.Build.0 = Release|x64
		{E71615C2-2056-491D-AC85-FFEB0FC9D34A}.Release|x86.ActiveCfg = Release|x86
		{E71615C2-2056-491D-AC85-FFEB0FC9D34A}.Release|x86.Build.0 = Release|x86
	EndGlobalSection
	GlobalSection(SolutionProperties) = preSolution
		HideSolutionNode = FALSE
	EndGlobalSection
	GlobalSection(ExtensibilityGlobals) = postSolution
		SolutionGuid = {E95F392E-009A-4EEB-B3BA-89BE5D3282D5}
	EndGlobalSection
EndGlobal
