
Microsoft Visual Studio Solution File, Format Version 12.00
# Visual Studio 2013
VisualStudioVersion = 12.0.21005.1
MinimumVisualStudioVersion = 10.0.40219.1
Project("{FAE04EC0-301F-11D3-BF4B-00C04F79EFBC}") = "Transcelerator", "Transcelerator\Transcelerator.csproj", "{3A4BF2AF-23B5-487E-BEA5-5D65A0A01BF7}"
EndProject
Project("{FAE04EC0-301F-11D3-BF4B-00C04F79EFBC}") = "SharedScrControls", "SharedScrControls\SharedScrControls.csproj", "{6CA85A3E-4AB3-4BBC-861F-0C68F018868B}"
EndProject
Project("{FAE04EC0-301F-11D3-BF4B-00C04F79EFBC}") = "TransceleratorTests", "Transcelerator\TransceleratorTests\TransceleratorTests.csproj", "{DB5B6E93-353D-4C21-92F1-F9BF83F173E4}"
EndProject
Project("{FAE04EC0-301F-11D3-BF4B-00C04F79EFBC}") = "SharedScrControlsTests", "SharedScrControls\SharedScrControlsTests\SharedScrControlsTests.csproj", "{CCF34218-52D9-4092-ADB8-1893BBE5ED31}"
EndProject
Project("{FAE04EC0-301F-11D3-BF4B-00C04F79EFBC}") = "SilUtilsTests", "SilUtils\SilUtilsTests\SilUtilsTests.csproj", "{F023F83B-EC39-48D4-A98C-F65E43609B20}"
EndProject
Project("{FAE04EC0-301F-11D3-BF4B-00C04F79EFBC}") = "SilUtils", "SilUtils\SilUtils.csproj", "{4E4CE84F-BB35-416A-8E4F-B8C096DA32B7}"
EndProject
Project("{FAE04EC0-301F-11D3-BF4B-00C04F79EFBC}") = "TxlMasterQuestionPreProcessor", "TxlMasterQuestionPreProcessor\TxlMasterQuestionPreProcessor.csproj", "{54363E9B-3A5A-46D6-9ACA-3F1626572647}"
EndProject
Project("{FAE04EC0-301F-11D3-BF4B-00C04F79EFBC}") = "TxlCore", "TxlCore\TxlCore.csproj", "{140A72D9-B0B3-4E19-AA3B-0127C3014D39}"
EndProject
Project("{FAE04EC0-301F-11D3-BF4B-00C04F79EFBC}") = "TxlMasterQuestionPreProcessorTests", "TxlMasterQuestionPreProcessor\TxlMasterQuestionPreProcessorTests\TxlMasterQuestionPreProcessorTests.csproj", "{6DE38973-4256-4AD7-A48F-56675CA826E2}"
EndProject
Project("{FAE04EC0-301F-11D3-BF4B-00C04F79EFBC}") = "TxlCoreTests", "TxlCore\ClassLibrary1\TxlCoreTests.csproj", "{884A12C9-4F3B-4861-A4F2-CA3309C49C2E}"
EndProject
Project("{FAE04EC0-301F-11D3-BF4B-00C04F79EFBC}") = "CopyResultsToParatext", "CopyResultsToParatext\CopyResultsToParatext.csproj", "{4CB89E36-BA11-4F8A-9A55-6DA962DAEEAC}"
EndProject
Global
	GlobalSection(SolutionConfigurationPlatforms) = preSolution
		Debug - Copy To Paratext|Any CPU = Debug - Copy To Paratext|Any CPU
		Debug|Any CPU = Debug|Any CPU
		Release - Copy to Paratext|Any CPU = Release - Copy to Paratext|Any CPU
		Release|Any CPU = Release|Any CPU
	EndGlobalSection
	GlobalSection(ProjectConfigurationPlatforms) = postSolution
		{3A4BF2AF-23B5-487E-BEA5-5D65A0A01BF7}.Debug - Copy To Paratext|Any CPU.ActiveCfg = Debug|Any CPU
		{3A4BF2AF-23B5-487E-BEA5-5D65A0A01BF7}.Debug - Copy To Paratext|Any CPU.Build.0 = Debug|Any CPU
		{3A4BF2AF-23B5-487E-BEA5-5D65A0A01BF7}.Debug|Any CPU.ActiveCfg = Debug|Any CPU
		{3A4BF2AF-23B5-487E-BEA5-5D65A0A01BF7}.Debug|Any CPU.Build.0 = Debug|Any CPU
		{3A4BF2AF-23B5-487E-BEA5-5D65A0A01BF7}.Release - Copy to Paratext|Any CPU.ActiveCfg = Release|Any CPU
		{3A4BF2AF-23B5-487E-BEA5-5D65A0A01BF7}.Release - Copy to Paratext|Any CPU.Build.0 = Release|Any CPU
		{3A4BF2AF-23B5-487E-BEA5-5D65A0A01BF7}.Release|Any CPU.ActiveCfg = Release|Any CPU
		{3A4BF2AF-23B5-487E-BEA5-5D65A0A01BF7}.Release|Any CPU.Build.0 = Release|Any CPU
		{6CA85A3E-4AB3-4BBC-861F-0C68F018868B}.Debug - Copy To Paratext|Any CPU.ActiveCfg = Debug|Any CPU
		{6CA85A3E-4AB3-4BBC-861F-0C68F018868B}.Debug - Copy To Paratext|Any CPU.Build.0 = Debug|Any CPU
		{6CA85A3E-4AB3-4BBC-861F-0C68F018868B}.Debug|Any CPU.ActiveCfg = Debug|Any CPU
		{6CA85A3E-4AB3-4BBC-861F-0C68F018868B}.Debug|Any CPU.Build.0 = Debug|Any CPU
		{6CA85A3E-4AB3-4BBC-861F-0C68F018868B}.Release - Copy to Paratext|Any CPU.ActiveCfg = Release|Any CPU
		{6CA85A3E-4AB3-4BBC-861F-0C68F018868B}.Release - Copy to Paratext|Any CPU.Build.0 = Release|Any CPU
		{6CA85A3E-4AB3-4BBC-861F-0C68F018868B}.Release|Any CPU.ActiveCfg = Release|Any CPU
		{6CA85A3E-4AB3-4BBC-861F-0C68F018868B}.Release|Any CPU.Build.0 = Release|Any CPU
		{DB5B6E93-353D-4C21-92F1-F9BF83F173E4}.Debug - Copy To Paratext|Any CPU.ActiveCfg = Debug|Any CPU
		{DB5B6E93-353D-4C21-92F1-F9BF83F173E4}.Debug - Copy To Paratext|Any CPU.Build.0 = Debug|Any CPU
		{DB5B6E93-353D-4C21-92F1-F9BF83F173E4}.Debug|Any CPU.ActiveCfg = Debug|Any CPU
		{DB5B6E93-353D-4C21-92F1-F9BF83F173E4}.Debug|Any CPU.Build.0 = Debug|Any CPU
		{DB5B6E93-353D-4C21-92F1-F9BF83F173E4}.Release - Copy to Paratext|Any CPU.ActiveCfg = Release|Any CPU
		{DB5B6E93-353D-4C21-92F1-F9BF83F173E4}.Release - Copy to Paratext|Any CPU.Build.0 = Release|Any CPU
		{DB5B6E93-353D-4C21-92F1-F9BF83F173E4}.Release|Any CPU.ActiveCfg = Release|Any CPU
		{DB5B6E93-353D-4C21-92F1-F9BF83F173E4}.Release|Any CPU.Build.0 = Release|Any CPU
		{CCF34218-52D9-4092-ADB8-1893BBE5ED31}.Debug - Copy To Paratext|Any CPU.ActiveCfg = Debug|Any CPU
		{CCF34218-52D9-4092-ADB8-1893BBE5ED31}.Debug - Copy To Paratext|Any CPU.Build.0 = Debug|Any CPU
		{CCF34218-52D9-4092-ADB8-1893BBE5ED31}.Debug|Any CPU.ActiveCfg = Debug|Any CPU
		{CCF34218-52D9-4092-ADB8-1893BBE5ED31}.Debug|Any CPU.Build.0 = Debug|Any CPU
		{CCF34218-52D9-4092-ADB8-1893BBE5ED31}.Release - Copy to Paratext|Any CPU.ActiveCfg = Release|Any CPU
		{CCF34218-52D9-4092-ADB8-1893BBE5ED31}.Release - Copy to Paratext|Any CPU.Build.0 = Release|Any CPU
		{CCF34218-52D9-4092-ADB8-1893BBE5ED31}.Release|Any CPU.ActiveCfg = Release|Any CPU
		{CCF34218-52D9-4092-ADB8-1893BBE5ED31}.Release|Any CPU.Build.0 = Release|Any CPU
		{F023F83B-EC39-48D4-A98C-F65E43609B20}.Debug - Copy To Paratext|Any CPU.ActiveCfg = Debug|Any CPU
		{F023F83B-EC39-48D4-A98C-F65E43609B20}.Debug - Copy To Paratext|Any CPU.Build.0 = Debug|Any CPU
		{F023F83B-EC39-48D4-A98C-F65E43609B20}.Debug|Any CPU.ActiveCfg = Debug|Any CPU
		{F023F83B-EC39-48D4-A98C-F65E43609B20}.Debug|Any CPU.Build.0 = Debug|Any CPU
		{F023F83B-EC39-48D4-A98C-F65E43609B20}.Release - Copy to Paratext|Any CPU.ActiveCfg = Release|Any CPU
		{F023F83B-EC39-48D4-A98C-F65E43609B20}.Release - Copy to Paratext|Any CPU.Build.0 = Release|Any CPU
		{F023F83B-EC39-48D4-A98C-F65E43609B20}.Release|Any CPU.ActiveCfg = Release|Any CPU
		{F023F83B-EC39-48D4-A98C-F65E43609B20}.Release|Any CPU.Build.0 = Release|Any CPU
		{4E4CE84F-BB35-416A-8E4F-B8C096DA32B7}.Debug - Copy To Paratext|Any CPU.ActiveCfg = Debug|Any CPU
		{4E4CE84F-BB35-416A-8E4F-B8C096DA32B7}.Debug - Copy To Paratext|Any CPU.Build.0 = Debug|Any CPU
		{4E4CE84F-BB35-416A-8E4F-B8C096DA32B7}.Debug|Any CPU.ActiveCfg = Debug|Any CPU
		{4E4CE84F-BB35-416A-8E4F-B8C096DA32B7}.Debug|Any CPU.Build.0 = Debug|Any CPU
		{4E4CE84F-BB35-416A-8E4F-B8C096DA32B7}.Release - Copy to Paratext|Any CPU.ActiveCfg = Release|Any CPU
		{4E4CE84F-BB35-416A-8E4F-B8C096DA32B7}.Release - Copy to Paratext|Any CPU.Build.0 = Release|Any CPU
		{4E4CE84F-BB35-416A-8E4F-B8C096DA32B7}.Release|Any CPU.ActiveCfg = Release|Any CPU
		{4E4CE84F-BB35-416A-8E4F-B8C096DA32B7}.Release|Any CPU.Build.0 = Release|Any CPU
		{54363E9B-3A5A-46D6-9ACA-3F1626572647}.Debug - Copy To Paratext|Any CPU.ActiveCfg = Debug|Any CPU
		{54363E9B-3A5A-46D6-9ACA-3F1626572647}.Debug - Copy To Paratext|Any CPU.Build.0 = Debug|Any CPU
		{54363E9B-3A5A-46D6-9ACA-3F1626572647}.Debug|Any CPU.ActiveCfg = Debug|Any CPU
		{54363E9B-3A5A-46D6-9ACA-3F1626572647}.Debug|Any CPU.Build.0 = Debug|Any CPU
		{54363E9B-3A5A-46D6-9ACA-3F1626572647}.Release - Copy to Paratext|Any CPU.ActiveCfg = Release|Any CPU
		{54363E9B-3A5A-46D6-9ACA-3F1626572647}.Release - Copy to Paratext|Any CPU.Build.0 = Release|Any CPU
		{54363E9B-3A5A-46D6-9ACA-3F1626572647}.Release|Any CPU.ActiveCfg = Release|Any CPU
		{54363E9B-3A5A-46D6-9ACA-3F1626572647}.Release|Any CPU.Build.0 = Release|Any CPU
		{140A72D9-B0B3-4E19-AA3B-0127C3014D39}.Debug - Copy To Paratext|Any CPU.ActiveCfg = Debug|Any CPU
		{140A72D9-B0B3-4E19-AA3B-0127C3014D39}.Debug - Copy To Paratext|Any CPU.Build.0 = Debug|Any CPU
		{140A72D9-B0B3-4E19-AA3B-0127C3014D39}.Debug|Any CPU.ActiveCfg = Debug|Any CPU
		{140A72D9-B0B3-4E19-AA3B-0127C3014D39}.Debug|Any CPU.Build.0 = Debug|Any CPU
		{140A72D9-B0B3-4E19-AA3B-0127C3014D39}.Release - Copy to Paratext|Any CPU.ActiveCfg = Release|Any CPU
		{140A72D9-B0B3-4E19-AA3B-0127C3014D39}.Release - Copy to Paratext|Any CPU.Build.0 = Release|Any CPU
		{140A72D9-B0B3-4E19-AA3B-0127C3014D39}.Release|Any CPU.ActiveCfg = Release|Any CPU
		{140A72D9-B0B3-4E19-AA3B-0127C3014D39}.Release|Any CPU.Build.0 = Release|Any CPU
		{6DE38973-4256-4AD7-A48F-56675CA826E2}.Debug - Copy To Paratext|Any CPU.ActiveCfg = Debug|Any CPU
		{6DE38973-4256-4AD7-A48F-56675CA826E2}.Debug - Copy To Paratext|Any CPU.Build.0 = Debug|Any CPU
		{6DE38973-4256-4AD7-A48F-56675CA826E2}.Debug|Any CPU.ActiveCfg = Debug|Any CPU
		{6DE38973-4256-4AD7-A48F-56675CA826E2}.Debug|Any CPU.Build.0 = Debug|Any CPU
		{6DE38973-4256-4AD7-A48F-56675CA826E2}.Release - Copy to Paratext|Any CPU.ActiveCfg = Release|Any CPU
		{6DE38973-4256-4AD7-A48F-56675CA826E2}.Release - Copy to Paratext|Any CPU.Build.0 = Release|Any CPU
		{6DE38973-4256-4AD7-A48F-56675CA826E2}.Release|Any CPU.ActiveCfg = Release|Any CPU
		{6DE38973-4256-4AD7-A48F-56675CA826E2}.Release|Any CPU.Build.0 = Release|Any CPU
		{884A12C9-4F3B-4861-A4F2-CA3309C49C2E}.Debug - Copy To Paratext|Any CPU.ActiveCfg = Debug|Any CPU
		{884A12C9-4F3B-4861-A4F2-CA3309C49C2E}.Debug - Copy To Paratext|Any CPU.Build.0 = Debug|Any CPU
		{884A12C9-4F3B-4861-A4F2-CA3309C49C2E}.Debug|Any CPU.ActiveCfg = Debug|Any CPU
		{884A12C9-4F3B-4861-A4F2-CA3309C49C2E}.Debug|Any CPU.Build.0 = Debug|Any CPU
		{884A12C9-4F3B-4861-A4F2-CA3309C49C2E}.Release - Copy to Paratext|Any CPU.ActiveCfg = Release|Any CPU
		{884A12C9-4F3B-4861-A4F2-CA3309C49C2E}.Release - Copy to Paratext|Any CPU.Build.0 = Release|Any CPU
		{884A12C9-4F3B-4861-A4F2-CA3309C49C2E}.Release|Any CPU.ActiveCfg = Release|Any CPU
		{884A12C9-4F3B-4861-A4F2-CA3309C49C2E}.Release|Any CPU.Build.0 = Release|Any CPU
		{4CB89E36-BA11-4F8A-9A55-6DA962DAEEAC}.Debug - Copy To Paratext|Any CPU.ActiveCfg = Debug|Any CPU
		{4CB89E36-BA11-4F8A-9A55-6DA962DAEEAC}.Debug - Copy To Paratext|Any CPU.Build.0 = Debug|Any CPU
		{4CB89E36-BA11-4F8A-9A55-6DA962DAEEAC}.Debug|Any CPU.ActiveCfg = Debug|Any CPU
		{4CB89E36-BA11-4F8A-9A55-6DA962DAEEAC}.Release - Copy to Paratext|Any CPU.ActiveCfg = Release|Any CPU
		{4CB89E36-BA11-4F8A-9A55-6DA962DAEEAC}.Release - Copy to Paratext|Any CPU.Build.0 = Release|Any CPU
		{4CB89E36-BA11-4F8A-9A55-6DA962DAEEAC}.Release|Any CPU.ActiveCfg = Release|Any CPU
	EndGlobalSection
	GlobalSection(SolutionProperties) = preSolution
		HideSolutionNode = FALSE
	EndGlobalSection
EndGlobal
